# THIS IS AN AUTOGENERATED FILE. DO NOT EDIT THIS FILE DIRECTLY.
# yarn lockfile v1


materialize-css@^1.0.0-rc.2:
  version "1.0.0-rc.2"
  resolved "https://registry.yarnpkg.com/materialize-css/-/materialize-css-1.0.0-rc.2.tgz#b9e6b18f698c6ef77bb6b628d59147faf131eff5"
  integrity sha512-FuQmSyq4Qv0ov7A2qXw0E6/jbQzSWx2P1pg2/XQDYTkkSc/GyiFAxu3fw9zgShwuTvyumEiw5jkxQWT9siqMBQ==

popper.js@^1.15.0:
  version "1.15.0"
  resolved "https://registry.yarnpkg.com/popper.js/-/popper.js-1.15.0.tgz#5560b99bbad7647e9faa475c6b8056621f5a4ff2"
  integrity sha512-w010cY1oCUmI+9KwwlWki+r5jxKfTFDVoadl7MSrIujHU5MJ5OR6HTDj6Xo8aoR/QsA56x8jKjA59qGH4ELtrA==

tippy.js@^5.0.0:
  version "5.0.0"
  resolved "https://registry.yarnpkg.com/tippy.js/-/tippy.js-5.0.0.tgz#770a02e58bebc27a71f4977de0e4e984af0ca2a5"
  integrity sha512-X+oueol2IDOpYxPP8rRpNlWaFbRRij9hit1DJ2aZfSTz0q4HgD3Q3U6pPUcXMsFUDik19sujxknAPPCRLnRZ2Q==
  dependencies:
    popper.js "^1.15.0"
